// !$*UTF8*$!
{
	archiveVersion = 1;
	classes = {
	};
	objectVersion = 46;
	objects = {

/* Begin PBXBuildFile section */
		1710E2821B98CF6D0068278B /* main.m in Sources */ = {isa = PBXBuildFile; fileRef = 1710E2811B98CF6D0068278B /* main.m */; };
		1710E2851B98CF6D0068278B /* AppDelegate.m in Sources */ = {isa = PBXBuildFile; fileRef = 1710E2841B98CF6D0068278B /* AppDelegate.m */; };
		1710E2881B98CF6D0068278B /* ViewController.m in Sources */ = {isa = PBXBuildFile; fileRef = 1710E2871B98CF6D0068278B /* ViewController.m */; };
		1710E28B1B98CF6D0068278B /* Main.storyboard in Resources */ = {isa = PBXBuildFile; fileRef = 1710E2891B98CF6D0068278B /* Main.storyboard */; };
		1710E28D1B98CF6D0068278B /* Assets.xcassets in Resources */ = {isa = PBXBuildFile; fileRef = 1710E28C1B98CF6D0068278B /* Assets.xcassets */; };
		1710E2B51B98CF9B0068278B /* Idea.m in Sources */ = {isa = PBXBuildFile; fileRef = 1710E2B41B98CF9B0068278B /* Idea.m */; };
		1710E2B91B9A15B40068278B /* DocumentListTableViewController.m in Sources */ = {isa = PBXBuildFile; fileRef = 1710E2B81B9A15B40068278B /* DocumentListTableViewController.m */; };
		1774B66D1B9A795B009EF4D3 /* Launch Screen.xib in Resources */ = {isa = PBXBuildFile; fileRef = 1774B66C1B9A795B009EF4D3 /* Launch Screen.xib */; };
/* End PBXBuildFile section */

/* Begin PBXFileReference section */
		1710E27D1B98CF6D0068278B /* DocTest.app */ = {isa = PBXFileReference; explicitFileType = wrapper.application; includeInIndex = 0; path = DocTest.app; sourceTree = BUILT_PRODUCTS_DIR; };
		1710E2811B98CF6D0068278B /* main.m */ = {isa = PBXFileReference; lastKnownFileType = sourcecode.c.objc; path = main.m; sourceTree = "<group>"; };
		1710E2831B98CF6D0068278B /* AppDelegate.h */ = {isa = PBXFileReference; lastKnownFileType = sourcecode.c.h; path = AppDelegate.h; sourceTree = "<group>"; };
		1710E2841B98CF6D0068278B /* AppDelegate.m */ = {isa = PBXFileReference; lastKnownFileType = sourcecode.c.objc; path = AppDelegate.m; sourceTree = "<group>"; };
		1710E2861B98CF6D0068278B /* ViewController.h */ = {isa = PBXFileReference; lastKnownFileType = sourcecode.c.h; path = ViewController.h; sourceTree = "<group>"; };
		1710E2871B98CF6D0068278B /* ViewController.m */ = {isa = PBXFileReference; lastKnownFileType = sourcecode.c.objc; path = ViewController.m; sourceTree = "<group>"; };
		1710E28A1B98CF6D0068278B /* Base */ = {isa = PBXFileReference; lastKnownFileType = file.storyboard; name = Base; path = Base.lproj/Main.storyboard; sourceTree = "<group>"; };
		1710E28C1B98CF6D0068278B /* Assets.xcassets */ = {isa = PBXFileReference; lastKnownFileType = folder.assetcatalog; path = Assets.xcassets; sourceTree = "<group>"; };
		1710E2911B98CF6D0068278B /* Info.plist */ = {isa = PBXFileReference; lastKnownFileType = text.plist.xml; path = Info.plist; sourceTree = "<group>"; };
		1710E2B31B98CF9B0068278B /* Idea.h */ = {isa = PBXFileReference; fileEncoding = 4; lastKnownFileType = sourcecode.c.h; path = Idea.h; sourceTree = "<group>"; };
		1710E2B41B98CF9B0068278B /* Idea.m */ = {isa = PBXFileReference; fileEncoding = 4; lastKnownFileType = sourcecode.c.objc; path = Idea.m; sourceTree = "<group>"; };
		1710E2B61B98DFC80068278B /* DocTest.entitlements */ = {isa = PBXFileReference; lastKnownFileType = text.xml; path = DocTest.entitlements; sourceTree = "<group>"; };
		1710E2B71B9A15B30068278B /* DocumentListTableViewController.h */ = {isa = PBXFileReference; fileEncoding = 4; lastKnownFileType = sourcecode.c.h; path = DocumentListTableViewController.h; sourceTree = "<group>"; };
		1710E2B81B9A15B40068278B /* DocumentListTableViewController.m */ = {isa = PBXFileReference; fileEncoding = 4; lastKnownFileType = sourcecode.c.objc; path = DocumentListTableViewController.m; sourceTree = "<group>"; };
		1774B66C1B9A795B009EF4D3 /* Launch Screen.xib */ = {isa = PBXFileReference; fileEncoding = 4; lastKnownFileType = file.xib; path = "Launch Screen.xib"; sourceTree = "<group>"; };
/* End PBXFileReference section */

/* Begin PBXFrameworksBuildPhase section */
		1710E27A1B98CF6D0068278B /* Frameworks */ = {
			isa = PBXFrameworksBuildPhase;
			buildActionMask = 2147483647;
			files = (
			);
			runOnlyForDeploymentPostprocessing = 0;
		};
/* End PBXFrameworksBuildPhase section */

/* Begin PBXGroup section */
		1710E2741B98CF6D0068278B = {
			isa = PBXGroup;
			children = (
				1710E27F1B98CF6D0068278B /* DocTest */,
				1710E27E1B98CF6D0068278B /* Products */,
			);
			sourceTree = "<group>";
		};
		1710E27E1B98CF6D0068278B /* Products */ = {
			isa = PBXGroup;
			children = (
				1710E27D1B98CF6D0068278B /* DocTest.app */,
			);
			name = Products;
			sourceTree = "<group>";
		};
		1710E27F1B98CF6D0068278B /* DocTest */ = {
			isa = PBXGroup;
			children = (
				1710E2B61B98DFC80068278B /* DocTest.entitlements */,
				1710E2831B98CF6D0068278B /* AppDelegate.h */,
				1710E2841B98CF6D0068278B /* AppDelegate.m */,
				1710E2B71B9A15B30068278B /* DocumentListTableViewController.h */,
				1710E2B81B9A15B40068278B /* DocumentListTableViewController.m */,
				1710E2861B98CF6D0068278B /* ViewController.h */,
				1710E2871B98CF6D0068278B /* ViewController.m */,
				1710E2B31B98CF9B0068278B /* Idea.h */,
				1710E2B41B98CF9B0068278B /* Idea.m */,
				1710E2891B98CF6D0068278B /* Main.storyboard */,
				1710E28C1B98CF6D0068278B /* Assets.xcassets */,
				1710E2911B98CF6D0068278B /* Info.plist */,
				1774B66C1B9A795B009EF4D3 /* Launch Screen.xib */,
				1710E2801B98CF6D0068278B /* Supporting Files */,
			);
			path = DocTest;
			sourceTree = "<group>";
		};
		1710E2801B98CF6D0068278B /* Supporting Files */ = {
			isa = PBXGroup;
			children = (
				1710E2811B98CF6D0068278B /* main.m */,
			);
			name = "Supporting Files";
			sourceTree = "<group>";
		};
/* End PBXGroup section */

/* Begin PBXNativeTarget section */
		1710E27C1B98CF6D0068278B /* DocTest */ = {
			isa = PBXNativeTarget;
			buildConfigurationList = 1710E2AA1B98CF6D0068278B /* Build configuration list for PBXNativeTarget "DocTest" */;
			buildPhases = (
				1710E2791B98CF6D0068278B /* Sources */,
				1710E27A1B98CF6D0068278B /* Frameworks */,
				1710E27B1B98CF6D0068278B /* Resources */,
			);
			buildRules = (
			);
			dependencies = (
			);
			name = DocTest;
			productName = DocTest;
			productReference = 1710E27D1B98CF6D0068278B /* DocTest.app */;
			productType = "com.apple.product-type.application";
		};
/* End PBXNativeTarget section */

/* Begin PBXProject section */
		1710E2751B98CF6D0068278B /* Project object */ = {
			isa = PBXProject;
			attributes = {
				LastUpgradeCheck = 0700;
				ORGANIZATIONNAME = "Digital Beans";
				TargetAttributes = {
					1710E27C1B98CF6D0068278B = {
						CreatedOnToolsVersion = 7.0;
						DevelopmentTeam = BVQWZHV3NP;
						SystemCapabilities = {
							com.apple.iCloud = {
								enabled = 1;
							};
						};
					};
				};
			};
			buildConfigurationList = 1710E2781B98CF6D0068278B /* Build configuration list for PBXProject "DocTest" */;
			compatibilityVersion = "Xcode 3.2";
			developmentRegion = English;
			hasScannedForEncodings = 0;
			knownRegions = (
				en,
				Base,
			);
			mainGroup = 1710E2741B98CF6D0068278B;
			productRefGroup = 1710E27E1B98CF6D0068278B /* Products */;
			projectDirPath = "";
			projectRoot = "";
			targets = (
				1710E27C1B98CF6D0068278B /* DocTest */,
			);
		};
/* End PBXProject section */

/* Begin PBXResourcesBuildPhase section */
		1710E27B1B98CF6D0068278B /* Resources */ = {
			isa = PBXResourcesBuildPhase;
			buildActionMask = 2147483647;
			files = (
				1710E28D1B98CF6D0068278B /* Assets.xcassets in Resources */,
				1710E28B1B98CF6D0068278B /* Main.storyboard in Resources */,
				1774B66D1B9A795B009EF4D3 /* Launch Screen.xib in Resources */,
			);
			runOnlyForDeploymentPostprocessing = 0;
		};
/* End PBXResourcesBuildPhase section */

/* Begin PBXSourcesBuildPhase section */
		1710E2791B98CF6D0068278B /* Sources */ = {
			isa = PBXSourcesBuildPhase;
			buildActionMask = 2147483647;
			files = (
				1710E2B51B98CF9B0068278B /* Idea.m in Sources */,
				1710E2881B98CF6D0068278B /* ViewController.m in Sources */,
				1710E2B91B9A15B40068278B /* DocumentListTableViewController.m in Sources */,
				1710E2851B98CF6D0068278B /* AppDelegate.m in Sources */,
				1710E2821B98CF6D0068278B /* main.m in Sources */,
			);
			runOnlyForDeploymentPostprocessing = 0;
		};
/* End PBXSourcesBuildPhase section */

/* Begin PBXVariantGroup section */
		1710E2891B98CF6D0068278B /* Main.storyboard */ = {
			isa = PBXVariantGroup;
			children = (
				1710E28A1B98CF6D0068278B /* Base */,
			);
			name = Main.storyboard;
			sourceTree = "<group>";
		};
/* End PBXVariantGroup section */

/* Begin XCBuildConfiguration section */
		1710E2A81B98CF6D0068278B /* Debug */ = {
			isa = XCBuildConfiguration;
			buildSettings = {
				ALWAYS_SEARCH_USER_PATHS = NO;
				CLANG_CXX_LANGUAGE_STANDARD = "gnu++0x";
				CLANG_CXX_LIBRARY = "libc++";
				CLANG_ENABLE_MODULES = YES;
				CLANG_ENABLE_OBJC_ARC = YES;
				CLANG_WARN_BOOL_CONVERSION = YES;
				CLANG_WARN_CONSTANT_CONVERSION = YES;
				CLANG_WARN_DIRECT_OBJC_ISA_USAGE = YES_ERROR;
				CLANG_WARN_EMPTY_BODY = YES;
				CLANG_WARN_ENUM_CONVERSION = YES;
				CLANG_WARN_INT_CONVERSION = YES;
				CLANG_WARN_OBJC_ROOT_CLASS = YES_ERROR;
				CLANG_WARN_UNREACHABLE_CODE = YES;
				CLANG_WARN__DUPLICATE_METHOD_MATCH = YES;
				"CODE_SIGN_IDENTITY[sdk=iphoneos*]" = "iPhone Developer";
				COPY_PHASE_STRIP = NO;
				DEBUG_INFORMATION_FORMAT = dwarf;
				ENABLE_STRICT_OBJC_MSGSEND = YES;
				ENABLE_TESTABILITY = YES;
				GCC_C_LANGUAGE_STANDARD = gnu99;
				GCC_DYNAMIC_NO_PIC = NO;
				GCC_NO_COMMON_BLOCKS = YES;
				GCC_OPTIMIZATION_LEVEL = 0;
				GCC_PREPROCESSOR_DEFINITIONS = (
					"DEBUG=1",
					"$(inherited)",
				);
				GCC_WARN_64_TO_32_BIT_CONVERSION = YES;
				GCC_WARN_ABOUT_RETURN_TYPE = YES_ERROR;
				GCC_WARN_UNDECLARED_SELECTOR = YES;
				GCC_WARN_UNINITIALIZED_AUTOS = YES_AGGRESSIVE;
				GCC_WARN_UNUSED_FUNCTION = YES;
				GCC_WARN_UNUSED_VARIABLE = YES;
				IPHONEOS_DEPLOYMENT_TARGET = 9.0;
				MTL_ENABLE_DEBUG_INFO = YES;
				ONLY_ACTIVE_ARCH = YES;
				SDKROOT = iphoneos;
				TARGETED_DEVICE_FAMILY = "1,2";
			};
			name = Debug;
		};
		1710E2A91B98CF6D0068278B /* Release */ = {
			isa = XCBuildConfiguration;
			buildSettings = {
				ALWAYS_SEARCH_USER_PATHS = NO;
				CLANG_CXX_LANGUAGE_STANDARD = "gnu++0x";
				CLANG_CXX_LIBRARY = "libc++";
				CLANG_ENABLE_MODULES = YES;
				CLANG_ENABLE_OBJC_ARC = YES;
				CLANG_WARN_BOOL_CONVERSION = YES;
				CLANG_WARN_CONSTANT_CONVERSION = YES;
				CLANG_WARN_DIRECT_OBJC_ISA_USAGE = YES_ERROR;
				CLANG_WARN_EMPTY_BODY = YES;
				CLANG_WARN_ENUM_CONVERSION = YES;
				CLANG_WARN_INT_CONVERSION = YES;
				CLANG_WARN_OBJC_ROOT_CLASS = YES_ERROR;
				CLANG_WARN_UNREACHABLE_CODE = YES;
				CLANG_WARN__DUPLICATE_METHOD_MATCH = YES;
				"CODE_SIGN_IDENTITY[sdk=iphoneos*]" = "iPhone Developer";
				COPY_PHASE_STRIP = NO;
				DEBUG_INFORMATION_FORMAT = "dwarf-with-dsym";
				ENABLE_NS_ASSERTIONS = NO;
				ENABLE_STRICT_OBJC_MSGSEND = YES;
				GCC_C_LANGUAGE_STANDARD = gnu99;
				GCC_NO_COMMON_BLOCKS = YES;
				GCC_WARN_64_TO_32_BIT_CONVERSION = YES;
				GCC_WARN_ABOUT_RETURN_TYPE = YES_ERROR;
				GCC_WARN_UNDECLARED_SELECTOR = YES;
				GCC_WARN_UNINITIALIZED_AUTOS = YES_AGGRESSIVE;
				GCC_WARN_UNUSED_FUNCTION = YES;
				GCC_WARN_UNUSED_VARIABLE = YES;
				IPHONEOS_DEPLOYMENT_TARGET = 9.0;
				MTL_ENABLE_DEBUG_INFO = NO;
				SDKROOT = iphoneos;
				TARGETED_DEVICE_FAMILY = "1,2";
				VALIDATE_PRODUCT = YES;
			};
			name = Release;
		};
		1710E2AB1B98CF6D0068278B /* Debug */ = {
			isa = XCBuildConfiguration;
			buildSettings = {
				ASSETCATALOG_COMPILER_APPICON_NAME = AppIcon;
				CODE_SIGN_ENTITLEMENTS = DocTest/DocTest.entitlements;
				CODE_SIGN_IDENTITY = "iPhone Developer";
				"CODE_SIGN_IDENTITY[sdk=iphoneos*]" = "iPhone Developer";
				INFOPLIST_FILE = DocTest/Info.plist;
				IPHONEOS_DEPLOYMENT_TARGET = 8.0;
				LD_RUNPATH_SEARCH_PATHS = "$(inherited) @executable_path/Frameworks";
				PRODUCT_BUNDLE_IDENTIFIER = com.digitalbeans.DocTest;
				PRODUCT_NAME = "$(TARGET_NAME)";
				PROVISIONING_PROFILE = "";
			};
			name = Debug;
		};
		1710E2AC1B98CF6D0068278B /* Release */ = {
			isa = XCBuildConfiguration;
			buildSettings = {
				ASSETCATALOG_COMPILER_APPICON_NAME = AppIcon;
				CODE_SIGN_ENTITLEMENTS = DocTest/DocTest.entitlements;
				CODE_SIGN_IDENTITY = "iPhone Developer";
				"CODE_SIGN_IDENTITY[sdk=iphoneos*]" = "iPhone Developer";
				INFOPLIST_FILE = DocTest/Info.plist;
				IPHONEOS_DEPLOYMENT_TARGET = 8.0;
				LD_RUNPATH_SEARCH_PATHS = "$(inherited) @executable_path/Frameworks";
				PRODUCT_BUNDLE_IDENTIFIER = com.digitalbeans.DocTest;
				PRODUCT_NAME = "$(TARGET_NAME)";
				PROVISIONING_PROFILE = "";
			};
			name = Release;
		};
/* End XCBuildConfiguration section */

/* Begin XCConfigurationList section */
		1710E2781B98CF6D0068278B /* Build configuration list for PBXProject "DocTest" */ = {
			isa = XCConfigurationList;
			buildConfigurations = (
				1710E2A81B98CF6D0068278B /* Debug */,
				1710E2A91B98CF6D0068278B /* Release */,
			);
			defaultConfigurationIsVisible = 0;
			defaultConfigurationName = Release;
		};
		1710E2AA1B98CF6D0068278B /* Build configuration list for PBXNativeTarget "DocTest" */ = {
			isa = XCConfigurationList;
			buildConfigurations = (
				1710E2AB1B98CF6D0068278B /* Debug */,
				1710E2AC1B98CF6D0068278B /* Release */,
			);
			defaultConfigurationIsVisible = 0;
			defaultConfigurationName = Release;
		};
/* End XCConfigurationList section */
	};
	rootObject = 1710E2751B98CF6D0068278B /* Project object */;
}
